
Microsoft Visual Studio Solution File, Format Version 12.00
# Visual Studio Version 17
VisualStudioVersion = 17.8.34330.188
MinimumVisualStudioVersion = 10.0.40219.1
Project("{FAE04EC0-301F-11D3-BF4B-00C04F79EFBC}") = "Banca", "Banca.csproj", "{DCCF3176-2D35-45FC-A3A1-525F23009D42}"
EndProject
Global
	GlobalSection(SolutionConfigurationPlatforms) = preSolution
		Debug|Any CPU = Debug|Any CPU
		Release|Any CPU = Release|Any CPU
	EndGlobalSection
	GlobalSection(ProjectConfigurationPlatforms) = postSolution
		{DCCF3176-2D35-45FC-A3A1-525F23009D42}.Debug|Any CPU.ActiveCfg = Debug|Any CPU
		{DCCF3176-2D35-45FC-A3A1-525F23009D42}.Debug|Any CPU.Build.0 = Debug|Any CPU
		{DCCF3176-2D35-45FC-A3A1-525F23009D42}.Release|Any CPU.ActiveCfg = Release|Any CPU
		{DCCF3176-2D35-45FC-A3A1-525F23009D42}.Release|Any CPU.Build.0 = Release|Any CPU
	EndGlobalSection
	GlobalSection(SolutionProperties) = preSolution
		HideSolutionNode = FALSE
	EndGlobalSection
	GlobalSection(ExtensibilityGlobals) = postSolution
		SolutionGuid = {4BD8E68F-F724-4B34-B367-9521B487F133}
	EndGlobalSection
EndGlobal
